{
  "version": 4,
  "terraform_version": "1.11.0",
  "serial": 17,
  "lineage": "1e05ab25-f1a5-27f8-97a2-0efaf15a93ef",
  "outputs": {
    "public_ip": {
      "value": "13.92.154.156",
      "type": "string"
    }
  },
  "resources": [
    {
      "mode": "managed",
      "type": "azurerm_linux_virtual_machine",
      "name": "vm",
      "provider": "provider[\"registry.terraform.io/hashicorp/azurerm\"]",
      "instances": [
        {
          "schema_version": 0,
          "attributes": {
            "additional_capabilities": [],
            "admin_password": null,
            "admin_ssh_key": [
              {
                "public_key": "ssh-rsa AAAAB3NzaC1yc2EAAAADAQABAAACAQDSloWOoyIEfzteotieI6Q8y/FWUh3rORy9O4Ztb1Lehj9sfnDu3TFfvObK3WOkJ92yw6e3ARxU4U/ucz0zGX5jkC4Y/h8q1/iOz5f9Bk1JyDMRjH+F8BPenSdNWVvENm+pMv3yK+nSPioWQADx+yQ7GQoTJIhBLcbHy73npjRX9nPsYPmOGcY93SOJipvIxmIly2rvt9UMQxANCnVJLoKcgdKrCqapqkOYbJuS/coJn8mTYC4VlF5lV5EideT1mXMNFgVzhfxeqvIxbC0Rov6S0Ek3Rz8QJd5L6HF8bXUlqI9r4sk7eVK73pOk3UCHvdo3JHqjxVDGRbwVz2fFVmb/jGP/k1i/w5cJGFR9TFsfXF4Uq5keVxZQqIlDieNEMA6sU2596Ftvn0wF/bwAysPUR9HBWlfi7sdfjdb2dlxsyKf/LnsNsiEbiJfcd3axuAL7u53DIZAOIP3NEekJMQTE/XsB5U/RzCZalGdWagHtfiIl+dQ9dF/O5IVVWwpEu7IZkv+Ss1Pjb6iq0G3UDkrzSJuo/joASFPvEVkurArBU2PLdrW71B/FWueN7EQ6X4rdaUYyom6vQcwSLyKKhzomiuVsVUr4pftheKqXpQYQTNmtNwszF5ry+2jFus1UPdPiZAiXxbvkDLlko9RnyBKp96dh2fGc5bv0JI08XKZdXQ== root@Test\n",
                "username": "azureuser"
              }
            ],
            "admin_username": "azureuser",
            "allow_extension_operations": true,
            "availability_set_id": "",
            "boot_diagnostics": [],
            "bypass_platform_safety_checks_on_user_schedule_enabled": false,
            "capacity_reservation_group_id": "",
            "computer_name": "microservices-vm",
            "custom_data": "IyEvYmluL2Jhc2gKIyBVcGRhdGUgc3lzdGVtCnN1ZG8gYXB0IHVwZGF0ZSAteSAmJiBzdWRvIGFwdCB1cGdyYWRlIC15CgojIEluc3RhbGwgZGVwZW5kZW5jaWVzCnN1ZG8gYXB0IGluc3RhbGwgLXkgY3VybCBnaXQgdW56aXAgYXB0LXRyYW5zcG9ydC1odHRwcyBzb2Z0d2FyZS1wcm9wZXJ0aWVzLWNvbW1vbgoKIyBJbnN0YWxsIERvY2tlcgpjdXJsIC1mc1NMIGh0dHBzOi8vZG93bmxvYWQuZG9ja2VyLmNvbS9saW51eC91YnVudHUvZ3BnIHwgc3VkbyBhcHQta2V5IGFkZCAtCnN1ZG8gYWRkLWFwdC1yZXBvc2l0b3J5ICJkZWIgW2FyY2g9YW1kNjRdIGh0dHBzOi8vZG93bmxvYWQuZG9ja2VyLmNvbS9saW51eC91YnVudHUgJChsc2JfcmVsZWFzZSAtY3MpIHN0YWJsZSIKc3VkbyBhcHQgdXBkYXRlIC15CnN1ZG8gYXB0IGluc3RhbGwgLXkgZG9ja2VyLWNlIGRvY2tlci1jZS1jbGkgY29udGFpbmVyZC5pbwoKIyBBZGQgdXNlciB0byBEb2NrZXIgZ3JvdXAKc3VkbyB1c2VybW9kIC1hRyBkb2NrZXIgYXp1cmV1c2VyCgojIEluc3RhbGwgRG9ja2VyIENvbXBvc2UKc3VkbyBjdXJsIC1MICJodHRwczovL2dpdGh1Yi5jb20vZG9ja2VyL2NvbXBvc2UvcmVsZWFzZXMvbGF0ZXN0L2Rvd25sb2FkL2RvY2tlci1jb21wb3NlLSQodW5hbWUgLXMpLSQodW5hbWUgLW0pIiAtbyAvdXNyL2xvY2FsL2Jpbi9kb2NrZXItY29tcG9zZQpzdWRvIGNobW9kICt4IC91c3IvbG9jYWwvYmluL2RvY2tlci1jb21wb3NlCgojIEluc3RhbGwgVGVycmFmb3JtCnN1ZG8gYXB0LWdldCBpbnN0YWxsIC15IGdudXBnIHNvZnR3YXJlLXByb3BlcnRpZXMtY29tbW9uCndnZXQgLU8tIGh0dHBzOi8vYXB0LnJlbGVhc2VzLmhhc2hpY29ycC5jb20vZ3BnIHwgc3VkbyBncGcgLS1kZWFybW9yIC1vIC91c3Ivc2hhcmUva2V5cmluZ3MvaGFzaGljb3JwLWFyY2hpdmUta2V5cmluZy5ncGcKZWNobyAiZGViIFtzaWduZWQtYnk9L3Vzci9zaGFyZS9rZXlyaW5ncy9oYXNoaWNvcnAtYXJjaGl2ZS1rZXlyaW5nLmdwZ10gaHR0cHM6Ly9hcHQucmVsZWFzZXMuaGFzaGljb3JwLmNvbSAkKGxzYl9yZWxlYXNlIC1jcykgbWFpbiIgfCBzdWRvIHRlZSAvZXRjL2FwdC9zb3VyY2VzLmxpc3QuZC9oYXNoaWNvcnAubGlzdApzdWRvIGFwdCB1cGRhdGUgLXkKc3VkbyBhcHQgaW5zdGFsbCAteSB0ZXJyYWZvcm0KCiMgSW5zdGFsbCBBbnNpYmxlCnN1ZG8gYXB0LWFkZC1yZXBvc2l0b3J5IC0teWVzIC0tdXBkYXRlIHBwYTphbnNpYmxlL2Fuc2libGUKc3VkbyBhcHQgaW5zdGFsbCAteSBhbnNpYmxlCgojIEZpeCBEb2NrZXIgY3JlZGVudGlhbCBpc3N1ZQplY2hvICd7ICJjcmVkc1N0b3JlIjogIiIgfScgfCBzdWRvIHRlZSAvaG9tZS9henVyZXVzZXIvLmRvY2tlci9jb25maWcuanNvbgpzdWRvIGNob3duIGF6dXJldXNlcjphenVyZXVzZXIgL2hvbWUvYXp1cmV1c2VyLy5kb2NrZXIvY29uZmlnLmpzb24KCiMgUmVzdGFydCBzZXJ2aWNlcwpzdWRvIHN5c3RlbWN0bCByZXN0YXJ0IGRvY2tlcgo=",
            "dedicated_host_group_id": "",
            "dedicated_host_id": "",
            "disable_password_authentication": true,
            "disk_controller_type": "",
            "edge_zone": "",
            "encryption_at_host_enabled": false,
            "eviction_policy": "",
            "extensions_time_budget": "PT1H30M",
            "gallery_application": [],
            "id": "/subscriptions/61c877df-9dd0-41e9-95e1-db9b008c5f72/resourceGroups/microservices-rg/providers/Microsoft.Compute/virtualMachines/microservices-vm",
            "identity": [],
            "license_type": "",
            "location": "eastus",
            "max_bid_price": -1,
            "name": "microservices-vm",
            "network_interface_ids": [
              "/subscriptions/61c877df-9dd0-41e9-95e1-db9b008c5f72/resourceGroups/microservices-rg/providers/Microsoft.Network/networkInterfaces/microservices-nic"
            ],
            "os_disk": [
              {
                "caching": "ReadWrite",
                "diff_disk_settings": [],
                "disk_encryption_set_id": "",
                "disk_size_gb": 30,
                "id": "/subscriptions/61c877df-9dd0-41e9-95e1-db9b008c5f72/resourceGroups/microservices-rg/providers/Microsoft.Compute/disks/microservices-vm_disk1_33364071521c44c4917a14497009ec81",
                "name": "microservices-vm_disk1_33364071521c44c4917a14497009ec81",
                "secure_vm_disk_encryption_set_id": "",
                "security_encryption_type": "",
                "storage_account_type": "Standard_LRS",
                "write_accelerator_enabled": false
              }
            ],
            "os_image_notification": [],
            "patch_assessment_mode": "ImageDefault",
            "patch_mode": "ImageDefault",
            "plan": [],
            "platform_fault_domain": -1,
            "priority": "Regular",
            "private_ip_address": "10.0.1.4",
            "private_ip_addresses": [
              "10.0.1.4"
            ],
            "provision_vm_agent": true,
            "proximity_placement_group_id": "",
            "public_ip_address": "13.92.154.156",
            "public_ip_addresses": [
              "13.92.154.156"
            ],
            "reboot_setting": "",
            "resource_group_name": "microservices-rg",
            "secret": [],
            "secure_boot_enabled": false,
            "size": "Standard_B2s",
            "source_image_id": "",
            "source_image_reference": [
              {
                "offer": "0001-com-ubuntu-server-jammy",
                "publisher": "Canonical",
                "sku": "22_04-lts",
                "version": "latest"
              }
            ],
            "tags": null,
            "termination_notification": null,
            "timeouts": null,
            "user_data": "",
            "virtual_machine_id": "287e4bd0-92fb-4108-8542-2c8f56a43a26",
            "virtual_machine_scale_set_id": "",
            "vm_agent_platform_updates_enabled": false,
            "vtpm_enabled": false,
            "zone": ""
          },
          "sensitive_attributes": [
            [
              {
                "type": "get_attr",
                "value": "custom_data"
              }
            ],
            [
              {
                "type": "get_attr",
                "value": "admin_password"
              }
            ]
          ],
          "private": "eyJlMmJmYjczMC1lY2FhLTExZTYtOGY4OC0zNDM2M2JjN2M0YzAiOnsiY3JlYXRlIjoyNzAwMDAwMDAwMDAwLCJkZWxldGUiOjI3MDAwMDAwMDAwMDAsInJlYWQiOjMwMDAwMDAwMDAwMCwidXBkYXRlIjoyNzAwMDAwMDAwMDAwfX0=",
          "dependencies": [
            "azurerm_network_interface.nic",
            "azurerm_public_ip.public_ip",
            "azurerm_resource_group.rg",
            "azurerm_subnet.subnet",
            "azurerm_virtual_network.vnet"
          ]
        }
      ]
    },
    {
      "mode": "managed",
      "type": "azurerm_network_interface",
      "name": "nic",
      "provider": "provider[\"registry.terraform.io/hashicorp/azurerm\"]",
      "instances": [
        {
          "schema_version": 0,
          "attributes": {
            "accelerated_networking_enabled": false,
            "applied_dns_servers": [],
            "auxiliary_mode": "",
            "auxiliary_sku": "",
            "dns_servers": null,
            "edge_zone": "",
            "id": "/subscriptions/61c877df-9dd0-41e9-95e1-db9b008c5f72/resourceGroups/microservices-rg/providers/Microsoft.Network/networkInterfaces/microservices-nic",
            "internal_dns_name_label": "",
            "internal_domain_name_suffix": "bw1vvr4dfn5evjswtnjo5l0ojb.bx.internal.cloudapp.net",
            "ip_configuration": [
              {
                "gateway_load_balancer_frontend_ip_configuration_id": "",
                "name": "microservices-ip-config",
                "primary": true,
                "private_ip_address": "10.0.1.4",
                "private_ip_address_allocation": "Dynamic",
                "private_ip_address_version": "IPv4",
                "public_ip_address_id": "/subscriptions/61c877df-9dd0-41e9-95e1-db9b008c5f72/resourceGroups/microservices-rg/providers/Microsoft.Network/publicIPAddresses/microservices-public-ip",
                "subnet_id": "/subscriptions/61c877df-9dd0-41e9-95e1-db9b008c5f72/resourceGroups/microservices-rg/providers/Microsoft.Network/virtualNetworks/microservices-vnet/subnets/microservices-subnet"
              }
            ],
            "ip_forwarding_enabled": false,
            "location": "eastus",
            "mac_address": "",
            "name": "microservices-nic",
            "private_ip_address": "10.0.1.4",
            "private_ip_addresses": [
              "10.0.1.4"
            ],
            "resource_group_name": "microservices-rg",
            "tags": null,
            "timeouts": null,
            "virtual_machine_id": ""
          },
          "sensitive_attributes": [],
          "private": "eyJlMmJmYjczMC1lY2FhLTExZTYtOGY4OC0zNDM2M2JjN2M0YzAiOnsiY3JlYXRlIjoxODAwMDAwMDAwMDAwLCJkZWxldGUiOjE4MDAwMDAwMDAwMDAsInJlYWQiOjMwMDAwMDAwMDAwMCwidXBkYXRlIjoxODAwMDAwMDAwMDAwfX0=",
          "dependencies": [
            "azurerm_public_ip.public_ip",
            "azurerm_resource_group.rg",
            "azurerm_subnet.subnet",
            "azurerm_virtual_network.vnet"
          ]
        }
      ]
    },
    {
      "mode": "managed",
      "type": "azurerm_network_security_group",
      "name": "nsg",
      "provider": "provider[\"registry.terraform.io/hashicorp/azurerm\"]",
      "instances": [
        {
          "schema_version": 0,
          "attributes": {
            "id": "/subscriptions/61c877df-9dd0-41e9-95e1-db9b008c5f72/resourceGroups/microservices-rg/providers/Microsoft.Network/networkSecurityGroups/microservices-nsg",
            "location": "eastus",
            "name": "microservices-nsg",
            "resource_group_name": "microservices-rg",
            "security_rule": [
              {
                "access": "Allow",
                "description": "",
                "destination_address_prefix": "*",
                "destination_address_prefixes": [],
                "destination_application_security_group_ids": [],
                "destination_port_range": "",
                "destination_port_ranges": [
                  "443",
                  "80"
                ],
                "direction": "Inbound",
                "name": "allow_http_https",
                "priority": 1002,
                "protocol": "Tcp",
                "source_address_prefix": "*",
                "source_address_prefixes": [],
                "source_application_security_group_ids": [],
                "source_port_range": "*",
                "source_port_ranges": []
              },
              {
                "access": "Allow",
                "description": "",
                "destination_address_prefix": "*",
                "destination_address_prefixes": [],
                "destination_application_security_group_ids": [],
                "destination_port_range": "22",
                "destination_port_ranges": [],
                "direction": "Inbound",
                "name": "allow_ssh",
                "priority": 1001,
                "protocol": "Tcp",
                "source_address_prefix": "*",
                "source_address_prefixes": [],
                "source_application_security_group_ids": [],
                "source_port_range": "*",
                "source_port_ranges": []
              }
            ],
            "tags": null,
            "timeouts": null
          },
          "sensitive_attributes": [],
          "private": "eyJlMmJmYjczMC1lY2FhLTExZTYtOGY4OC0zNDM2M2JjN2M0YzAiOnsiY3JlYXRlIjoxODAwMDAwMDAwMDAwLCJkZWxldGUiOjE4MDAwMDAwMDAwMDAsInJlYWQiOjMwMDAwMDAwMDAwMCwidXBkYXRlIjoxODAwMDAwMDAwMDAwfX0=",
          "dependencies": [
            "azurerm_resource_group.rg"
          ]
        }
      ]
    },
    {
      "mode": "managed",
      "type": "azurerm_public_ip",
      "name": "public_ip",
      "provider": "provider[\"registry.terraform.io/hashicorp/azurerm\"]",
      "instances": [
        {
          "schema_version": 0,
          "attributes": {
            "allocation_method": "Static",
            "ddos_protection_mode": "VirtualNetworkInherited",
            "ddos_protection_plan_id": null,
            "domain_name_label": null,
            "domain_name_label_scope": null,
            "edge_zone": "",
            "fqdn": null,
            "id": "/subscriptions/61c877df-9dd0-41e9-95e1-db9b008c5f72/resourceGroups/microservices-rg/providers/Microsoft.Network/publicIPAddresses/microservices-public-ip",
            "idle_timeout_in_minutes": 4,
            "ip_address": "13.92.154.156",
            "ip_tags": null,
            "ip_version": "IPv4",
            "location": "eastus",
            "name": "microservices-public-ip",
            "public_ip_prefix_id": null,
            "resource_group_name": "microservices-rg",
            "reverse_fqdn": null,
            "sku": "Standard",
            "sku_tier": "Regional",
            "tags": null,
            "timeouts": null,
            "zones": null
          },
          "sensitive_attributes": [],
          "private": "eyJlMmJmYjczMC1lY2FhLTExZTYtOGY4OC0zNDM2M2JjN2M0YzAiOnsiY3JlYXRlIjoxODAwMDAwMDAwMDAwLCJkZWxldGUiOjE4MDAwMDAwMDAwMDAsInJlYWQiOjMwMDAwMDAwMDAwMCwidXBkYXRlIjoxODAwMDAwMDAwMDAwfX0=",
          "dependencies": [
            "azurerm_resource_group.rg"
          ]
        }
      ]
    },
    {
      "mode": "managed",
      "type": "azurerm_resource_group",
      "name": "rg",
      "provider": "provider[\"registry.terraform.io/hashicorp/azurerm\"]",
      "instances": [
        {
          "schema_version": 0,
          "attributes": {
            "id": "/subscriptions/61c877df-9dd0-41e9-95e1-db9b008c5f72/resourceGroups/microservices-rg",
            "location": "eastus",
            "managed_by": "",
            "name": "microservices-rg",
            "tags": null,
            "timeouts": null
          },
          "sensitive_attributes": [],
          "private": "eyJlMmJmYjczMC1lY2FhLTExZTYtOGY4OC0zNDM2M2JjN2M0YzAiOnsiY3JlYXRlIjo1NDAwMDAwMDAwMDAwLCJkZWxldGUiOjU0MDAwMDAwMDAwMDAsInJlYWQiOjMwMDAwMDAwMDAwMCwidXBkYXRlIjo1NDAwMDAwMDAwMDAwfX0="
        }
      ]
    },
    {
      "mode": "managed",
      "type": "azurerm_subnet",
      "name": "subnet",
      "provider": "provider[\"registry.terraform.io/hashicorp/azurerm\"]",
      "instances": [
        {
          "schema_version": 0,
          "attributes": {
            "address_prefixes": [
              "10.0.1.0/24"
            ],
            "default_outbound_access_enabled": true,
            "delegation": [],
            "id": "/subscriptions/61c877df-9dd0-41e9-95e1-db9b008c5f72/resourceGroups/microservices-rg/providers/Microsoft.Network/virtualNetworks/microservices-vnet/subnets/microservices-subnet",
            "name": "microservices-subnet",
            "private_endpoint_network_policies": "Disabled",
            "private_link_service_network_policies_enabled": true,
            "resource_group_name": "microservices-rg",
            "service_endpoint_policy_ids": null,
            "service_endpoints": null,
            "timeouts": null,
            "virtual_network_name": "microservices-vnet"
          },
          "sensitive_attributes": [],
          "private": "eyJlMmJmYjczMC1lY2FhLTExZTYtOGY4OC0zNDM2M2JjN2M0YzAiOnsiY3JlYXRlIjoxODAwMDAwMDAwMDAwLCJkZWxldGUiOjE4MDAwMDAwMDAwMDAsInJlYWQiOjMwMDAwMDAwMDAwMCwidXBkYXRlIjoxODAwMDAwMDAwMDAwfX0=",
          "dependencies": [
            "azurerm_resource_group.rg",
            "azurerm_virtual_network.vnet"
          ]
        }
      ]
    },
    {
      "mode": "managed",
      "type": "azurerm_virtual_network",
      "name": "vnet",
      "provider": "provider[\"registry.terraform.io/hashicorp/azurerm\"]",
      "instances": [
        {
          "schema_version": 0,
          "attributes": {
            "address_space": [
              "10.0.0.0/16"
            ],
            "bgp_community": "",
            "ddos_protection_plan": [],
            "dns_servers": [],
            "edge_zone": "",
            "encryption": [],
            "flow_timeout_in_minutes": 0,
            "guid": "c75ab70d-2bc3-4a7e-a656-9b52efaf4e49",
            "id": "/subscriptions/61c877df-9dd0-41e9-95e1-db9b008c5f72/resourceGroups/microservices-rg/providers/Microsoft.Network/virtualNetworks/microservices-vnet",
            "location": "eastus",
            "name": "microservices-vnet",
            "private_endpoint_vnet_policies": "Disabled",
            "resource_group_name": "microservices-rg",
            "subnet": [],
            "tags": null,
            "timeouts": null
          },
          "sensitive_attributes": [],
          "private": "eyJlMmJmYjczMC1lY2FhLTExZTYtOGY4OC0zNDM2M2JjN2M0YzAiOnsiY3JlYXRlIjoxODAwMDAwMDAwMDAwLCJkZWxldGUiOjE4MDAwMDAwMDAwMDAsInJlYWQiOjMwMDAwMDAwMDAwMCwidXBkYXRlIjoxODAwMDAwMDAwMDAwfX0=",
          "dependencies": [
            "azurerm_resource_group.rg"
          ]
        }
      ]
    }
  ],
  "check_results": null
}
